// !$*UTF8*$!
{
	archiveVersion = 1;
	classes = {
	};
	objectVersion = 51;
	objects = {

/* Begin PBXBuildFile section */
		430696EB22C294E40068BBC7 /* AppDelegate.swift in Sources */ = {isa = PBXBuildFile; fileRef = 430696EA22C294E40068BBC7 /* AppDelegate.swift */; };
		430696ED22C294E40068BBC7 /* ViewController.swift in Sources */ = {isa = PBXBuildFile; fileRef = 430696EC22C294E40068BBC7 /* ViewController.swift */; };
		430696F022C294E40068BBC7 /* Main.storyboard in Resources */ = {isa = PBXBuildFile; fileRef = 430696EE22C294E40068BBC7 /* Main.storyboard */; };
		430696F222C294E50068BBC7 /* Assets.xcassets in Resources */ = {isa = PBXBuildFile; fileRef = 430696F122C294E50068BBC7 /* Assets.xcassets */; };
		430696F522C294E50068BBC7 /* LaunchScreen.storyboard in Resources */ = {isa = PBXBuildFile; fileRef = 430696F322C294E50068BBC7 /* LaunchScreen.storyboard */; };
		430961E722D2804900F10C75 /* WeatherViewController.swift in Sources */ = {isa = PBXBuildFile; fileRef = 430961E622D2804900F10C75 /* WeatherViewController.swift */; };
		430961E922D2853F00F10C75 /* ChangeCityViewController.swift in Sources */ = {isa = PBXBuildFile; fileRef = 430961E822D2853F00F10C75 /* ChangeCityViewController.swift */; };
		430961EB22D2BC4C00F10C75 /* WeatherDataModel.swift in Sources */ = {isa = PBXBuildFile; fileRef = 430961EA22D2BC4C00F10C75 /* WeatherDataModel.swift */; };
		430961EE22D391B000F10C75 /* WelcomeViewController.swift in Sources */ = {isa = PBXBuildFile; fileRef = 430961ED22D391B000F10C75 /* WelcomeViewController.swift */; };
		430961F022D39BBC00F10C75 /* RegisterViewController.swift in Sources */ = {isa = PBXBuildFile; fileRef = 430961EF22D39BBC00F10C75 /* RegisterViewController.swift */; };
		430961F222D39BCE00F10C75 /* LoginViewController.swift in Sources */ = {isa = PBXBuildFile; fileRef = 430961F122D39BCE00F10C75 /* LoginViewController.swift */; };
		430961F722D39E8600F10C75 /* Default-568h@2x.png in Resources */ = {isa = PBXBuildFile; fileRef = 430961F622D39E8600F10C75 /* Default-568h@2x.png */; };
		430961FA22D3A03500F10C75 /* GoogleService-Info.plist in Resources */ = {isa = PBXBuildFile; fileRef = 430961F922D3A03500F10C75 /* GoogleService-Info.plist */; };
		430961FC22D3B72C00F10C75 /* ChatViewController.swift in Sources */ = {isa = PBXBuildFile; fileRef = 430961FB22D3B72C00F10C75 /* ChatViewController.swift */; };
		4309620222D3C41B00F10C75 /* MessageCellTableViewCell.swift in Sources */ = {isa = PBXBuildFile; fileRef = 4309620022D3C41B00F10C75 /* MessageCellTableViewCell.swift */; };
		4309620322D3C41B00F10C75 /* MessageCellTableViewCell.xib in Resources */ = {isa = PBXBuildFile; fileRef = 4309620122D3C41B00F10C75 /* MessageCellTableViewCell.xib */; };
		4309620522D3D93B00F10C75 /* Message.swift in Sources */ = {isa = PBXBuildFile; fileRef = 4309620422D3D93B00F10C75 /* Message.swift */; };
		43B33AAF22D137CC00D9C4D6 /* BitcoinViewController.swift in Sources */ = {isa = PBXBuildFile; fileRef = 43B33AAE22D137CC00D9C4D6 /* BitcoinViewController.swift */; };
		D7BB3ABED7874D5BFD1549F9 /* Pods_gitCode.framework in Frameworks */ = {isa = PBXBuildFile; fileRef = B8D3579401BD5871CB995E3F /* Pods_gitCode.framework */; };
/* End PBXBuildFile section */

/* Begin PBXFileReference section */
		131351285D47AC0C3792FC0B /* Pods-gitCode.release.xcconfig */ = {isa = PBXFileReference; includeInIndex = 1; lastKnownFileType = text.xcconfig; name = "Pods-gitCode.release.xcconfig"; path = "Target Support Files/Pods-gitCode/Pods-gitCode.release.xcconfig"; sourceTree = "<group>"; };
		430696E722C294E40068BBC7 /* gitCode.app */ = {isa = PBXFileReference; explicitFileType = wrapper.application; includeInIndex = 0; path = gitCode.app; sourceTree = BUILT_PRODUCTS_DIR; };
		430696EA22C294E40068BBC7 /* AppDelegate.swift */ = {isa = PBXFileReference; lastKnownFileType = sourcecode.swift; path = AppDelegate.swift; sourceTree = "<group>"; };
		430696EC22C294E40068BBC7 /* ViewController.swift */ = {isa = PBXFileReference; lastKnownFileType = sourcecode.swift; path = ViewController.swift; sourceTree = "<group>"; };
		430696EF22C294E40068BBC7 /* Base */ = {isa = PBXFileReference; lastKnownFileType = file.storyboard; name = Base; path = Base.lproj/Main.storyboard; sourceTree = "<group>"; };
		430696F122C294E50068BBC7 /* Assets.xcassets */ = {isa = PBXFileReference; lastKnownFileType = folder.assetcatalog; path = Assets.xcassets; sourceTree = "<group>"; };
		430696F422C294E50068BBC7 /* Base */ = {isa = PBXFileReference; lastKnownFileType = file.storyboard; name = Base; path = Base.lproj/LaunchScreen.storyboard; sourceTree = "<group>"; };
		430696F622C294E50068BBC7 /* Info.plist */ = {isa = PBXFileReference; lastKnownFileType = text.plist.xml; path = Info.plist; sourceTree = "<group>"; };
		430961E622D2804900F10C75 /* WeatherViewController.swift */ = {isa = PBXFileReference; lastKnownFileType = sourcecode.swift; path = WeatherViewController.swift; sourceTree = "<group>"; };
		430961E822D2853F00F10C75 /* ChangeCityViewController.swift */ = {isa = PBXFileReference; lastKnownFileType = sourcecode.swift; path = ChangeCityViewController.swift; sourceTree = "<group>"; };
		430961EA22D2BC4C00F10C75 /* WeatherDataModel.swift */ = {isa = PBXFileReference; lastKnownFileType = sourcecode.swift; path = WeatherDataModel.swift; sourceTree = "<group>"; };
		430961ED22D391B000F10C75 /* WelcomeViewController.swift */ = {isa = PBXFileReference; lastKnownFileType = sourcecode.swift; path = WelcomeViewController.swift; sourceTree = "<group>"; };
		430961EF22D39BBC00F10C75 /* RegisterViewController.swift */ = {isa = PBXFileReference; lastKnownFileType = sourcecode.swift; path = RegisterViewController.swift; sourceTree = "<group>"; };
		430961F122D39BCE00F10C75 /* LoginViewController.swift */ = {isa = PBXFileReference; lastKnownFileType = sourcecode.swift; path = LoginViewController.swift; sourceTree = "<group>"; };
		430961F622D39E8600F10C75 /* Default-568h@2x.png */ = {isa = PBXFileReference; lastKnownFileType = image.png; path = "Default-568h@2x.png"; sourceTree = "<group>"; };
		430961F922D3A03500F10C75 /* GoogleService-Info.plist */ = {isa = PBXFileReference; fileEncoding = 4; lastKnownFileType = text.plist.xml; name = "GoogleService-Info.plist"; path = "../../../../../../Downloads/GoogleService-Info.plist"; sourceTree = "<group>"; };
		430961FB22D3B72C00F10C75 /* ChatViewController.swift */ = {isa = PBXFileReference; lastKnownFileType = sourcecode.swift; path = ChatViewController.swift; sourceTree = "<group>"; };
		4309620022D3C41B00F10C75 /* MessageCellTableViewCell.swift */ = {isa = PBXFileReference; lastKnownFileType = sourcecode.swift; path = MessageCellTableViewCell.swift; sourceTree = "<group>"; };
		4309620122D3C41B00F10C75 /* MessageCellTableViewCell.xib */ = {isa = PBXFileReference; lastKnownFileType = file.xib; path = MessageCellTableViewCell.xib; sourceTree = "<group>"; };
		4309620422D3D93B00F10C75 /* Message.swift */ = {isa = PBXFileReference; lastKnownFileType = sourcecode.swift; path = Message.swift; sourceTree = "<group>"; };
		43B33AAE22D137CC00D9C4D6 /* BitcoinViewController.swift */ = {isa = PBXFileReference; lastKnownFileType = sourcecode.swift; path = BitcoinViewController.swift; sourceTree = "<group>"; };
		B8D3579401BD5871CB995E3F /* Pods_gitCode.framework */ = {isa = PBXFileReference; explicitFileType = wrapper.framework; includeInIndex = 0; path = Pods_gitCode.framework; sourceTree = BUILT_PRODUCTS_DIR; };
		C7B48FD9B7731256AA08E24A /* Pods-gitCode.debug.xcconfig */ = {isa = PBXFileReference; includeInIndex = 1; lastKnownFileType = text.xcconfig; name = "Pods-gitCode.debug.xcconfig"; path = "Target Support Files/Pods-gitCode/Pods-gitCode.debug.xcconfig"; sourceTree = "<group>"; };
/* End PBXFileReference section */

/* Begin PBXFrameworksBuildPhase section */
		430696E422C294E40068BBC7 /* Frameworks */ = {
			isa = PBXFrameworksBuildPhase;
			buildActionMask = 2147483647;
			files = (
				D7BB3ABED7874D5BFD1549F9 /* Pods_gitCode.framework in Frameworks */,
			);
			runOnlyForDeploymentPostprocessing = 0;
		};
/* End PBXFrameworksBuildPhase section */

/* Begin PBXGroup section */
		3B6E31F0B0DA889A5ECE3222 /* Frameworks */ = {
			isa = PBXGroup;
			children = (
				B8D3579401BD5871CB995E3F /* Pods_gitCode.framework */,
			);
			name = Frameworks;
			sourceTree = "<group>";
		};
		430696DE22C294E40068BBC7 = {
			isa = PBXGroup;
			children = (
				430961F622D39E8600F10C75 /* Default-568h@2x.png */,
				430696E922C294E40068BBC7 /* gitCode */,
				430696E822C294E40068BBC7 /* Products */,
				DB7C4618A51A11D98AD558B0 /* Pods */,
				3B6E31F0B0DA889A5ECE3222 /* Frameworks */,
			);
			sourceTree = "<group>";
		};
		430696E822C294E40068BBC7 /* Products */ = {
			isa = PBXGroup;
			children = (
				430696E722C294E40068BBC7 /* gitCode.app */,
			);
			name = Products;
			sourceTree = "<group>";
		};
		430696E922C294E40068BBC7 /* gitCode */ = {
			isa = PBXGroup;
			children = (
				430961FD22D3C3DB00F10C75 /* CustomCell */,
				430696F622C294E50068BBC7 /* Info.plist */,
				430961F322D39E4500F10C75 /* SupportFiles */,
				43B980E222CEB76E004C14D1 /* View */,
				43B980E122CEB761004C14D1 /* Model */,
				43B980E022CEB73A004C14D1 /* Controller */,
				430696F122C294E50068BBC7 /* Assets.xcassets */,
			);
			path = gitCode;
			sourceTree = "<group>";
		};
		430961E522D2802000F10C75 /* WeatherAppController */ = {
			isa = PBXGroup;
			children = (
				430961E622D2804900F10C75 /* WeatherViewController.swift */,
				430961E822D2853F00F10C75 /* ChangeCityViewController.swift */,
			);
			path = WeatherAppController;
			sourceTree = "<group>";
		};
		430961EC22D3918C00F10C75 /* ChatAppController */ = {
			isa = PBXGroup;
			children = (
				430961ED22D391B000F10C75 /* WelcomeViewController.swift */,
				430961EF22D39BBC00F10C75 /* RegisterViewController.swift */,
				430961F122D39BCE00F10C75 /* LoginViewController.swift */,
				430961FB22D3B72C00F10C75 /* ChatViewController.swift */,
			);
			path = ChatAppController;
			sourceTree = "<group>";
		};
		430961F322D39E4500F10C75 /* SupportFiles */ = {
			isa = PBXGroup;
			children = (
				430961F922D3A03500F10C75 /* GoogleService-Info.plist */,
			);
			path = SupportFiles;
			sourceTree = "<group>";
		};
		430961FD22D3C3DB00F10C75 /* CustomCell */ = {
			isa = PBXGroup;
			children = (
				4309620022D3C41B00F10C75 /* MessageCellTableViewCell.swift */,
				4309620122D3C41B00F10C75 /* MessageCellTableViewCell.xib */,
			);
			path = CustomCell;
			sourceTree = "<group>";
		};
		43B980E022CEB73A004C14D1 /* Controller */ = {
			isa = PBXGroup;
			children = (
				430961EC22D3918C00F10C75 /* ChatAppController */,
				430961E522D2802000F10C75 /* WeatherAppController */,
				430696EA22C294E40068BBC7 /* AppDelegate.swift */,
				430696EC22C294E40068BBC7 /* ViewController.swift */,
				43B33AAE22D137CC00D9C4D6 /* BitcoinViewController.swift */,
			);
			path = Controller;
			sourceTree = "<group>";
		};
		43B980E122CEB761004C14D1 /* Model */ = {
			isa = PBXGroup;
			children = (
				430961EA22D2BC4C00F10C75 /* WeatherDataModel.swift */,
				4309620422D3D93B00F10C75 /* Message.swift */,
			);
			path = Model;
			sourceTree = "<group>";
		};
		43B980E222CEB76E004C14D1 /* View */ = {
			isa = PBXGroup;
			children = (
				430696EE22C294E40068BBC7 /* Main.storyboard */,
				430696F322C294E50068BBC7 /* LaunchScreen.storyboard */,
			);
			path = View;
			sourceTree = "<group>";
		};
		DB7C4618A51A11D98AD558B0 /* Pods */ = {
			isa = PBXGroup;
			children = (
				C7B48FD9B7731256AA08E24A /* Pods-gitCode.debug.xcconfig */,
				131351285D47AC0C3792FC0B /* Pods-gitCode.release.xcconfig */,
			);
			path = Pods;
			sourceTree = "<group>";
		};
/* End PBXGroup section */

/* Begin PBXNativeTarget section */
		430696E622C294E40068BBC7 /* gitCode */ = {
			isa = PBXNativeTarget;
			buildConfigurationList = 430696F922C294E50068BBC7 /* Build configuration list for PBXNativeTarget "gitCode" */;
			buildPhases = (
				F03A85A6932AC22BD48E3380 /* [CP] Check Pods Manifest.lock */,
				430696E322C294E40068BBC7 /* Sources */,
				430696E422C294E40068BBC7 /* Frameworks */,
				430696E522C294E40068BBC7 /* Resources */,
				1724D92754992192C2B812EE /* [CP] Embed Pods Frameworks */,
			);
			buildRules = (
			);
			dependencies = (
			);
			name = gitCode;
			productName = gitCode;
			productReference = 430696E722C294E40068BBC7 /* gitCode.app */;
			productType = "com.apple.product-type.application";
		};
/* End PBXNativeTarget section */

/* Begin PBXProject section */
		430696DF22C294E40068BBC7 /* Project object */ = {
			isa = PBXProject;
			attributes = {
				LastSwiftUpdateCheck = 1020;
				LastUpgradeCheck = 1020;
				ORGANIZATIONNAME = "Dimitar Vitanov";
				TargetAttributes = {
					430696E622C294E40068BBC7 = {
						CreatedOnToolsVersion = 10.2.1;
					};
				};
			};
			buildConfigurationList = 430696E222C294E40068BBC7 /* Build configuration list for PBXProject "gitCode" */;
			compatibilityVersion = "Xcode 9.3";
			developmentRegion = en;
			hasScannedForEncodings = 0;
			knownRegions = (
				en,
				Base,
			);
			mainGroup = 430696DE22C294E40068BBC7;
			productRefGroup = 430696E822C294E40068BBC7 /* Products */;
			projectDirPath = "";
			projectRoot = "";
			targets = (
				430696E622C294E40068BBC7 /* gitCode */,
			);
		};
/* End PBXProject section */

/* Begin PBXResourcesBuildPhase section */
		430696E522C294E40068BBC7 /* Resources */ = {
			isa = PBXResourcesBuildPhase;
			buildActionMask = 2147483647;
			files = (
				430696F522C294E50068BBC7 /* LaunchScreen.storyboard in Resources */,
				430696F222C294E50068BBC7 /* Assets.xcassets in Resources */,
				430961FA22D3A03500F10C75 /* GoogleService-Info.plist in Resources */,
				4309620322D3C41B00F10C75 /* MessageCellTableViewCell.xib in Resources */,
				430961F722D39E8600F10C75 /* Default-568h@2x.png in Resources */,
				430696F022C294E40068BBC7 /* Main.storyboard in Resources */,
			);
			runOnlyForDeploymentPostprocessing = 0;
		};
/* End PBXResourcesBuildPhase section */

/* Begin PBXShellScriptBuildPhase section */
		1724D92754992192C2B812EE /* [CP] Embed Pods Frameworks */ = {
			isa = PBXShellScriptBuildPhase;
			buildActionMask = 2147483647;
			files = (
			);
			inputFileListPaths = (
				"${PODS_ROOT}/Target Support Files/Pods-gitCode/Pods-gitCode-frameworks-${CONFIGURATION}-input-files.xcfilelist",
			);
			name = "[CP] Embed Pods Frameworks";
			outputFileListPaths = (
				"${PODS_ROOT}/Target Support Files/Pods-gitCode/Pods-gitCode-frameworks-${CONFIGURATION}-output-files.xcfilelist",
			);
			runOnlyForDeploymentPostprocessing = 0;
			shellPath = /bin/sh;
			shellScript = "\"${PODS_ROOT}/Target Support Files/Pods-gitCode/Pods-gitCode-frameworks.sh\"\n";
			showEnvVarsInLog = 0;
		};
		F03A85A6932AC22BD48E3380 /* [CP] Check Pods Manifest.lock */ = {
			isa = PBXShellScriptBuildPhase;
			buildActionMask = 2147483647;
			files = (
			);
			inputFileListPaths = (
			);
			inputPaths = (
				"${PODS_PODFILE_DIR_PATH}/Podfile.lock",
				"${PODS_ROOT}/Manifest.lock",
			);
			name = "[CP] Check Pods Manifest.lock";
			outputFileListPaths = (
			);
			outputPaths = (
				"$(DERIVED_FILE_DIR)/Pods-gitCode-checkManifestLockResult.txt",
			);
			runOnlyForDeploymentPostprocessing = 0;
			shellPath = /bin/sh;
			shellScript = "diff \"${PODS_PODFILE_DIR_PATH}/Podfile.lock\" \"${PODS_ROOT}/Manifest.lock\" > /dev/null\nif [ $? != 0 ] ; then\n    # print error to STDERR\n    echo \"error: The sandbox is not in sync with the Podfile.lock. Run 'pod install' or update your CocoaPods installation.\" >&2\n    exit 1\nfi\n# This output is used by Xcode 'outputs' to avoid re-running this script phase.\necho \"SUCCESS\" > \"${SCRIPT_OUTPUT_FILE_0}\"\n";
			showEnvVarsInLog = 0;
		};
/* End PBXShellScriptBuildPhase section */

/* Begin PBXSourcesBuildPhase section */
		430696E322C294E40068BBC7 /* Sources */ = {
			isa = PBXSourcesBuildPhase;
			buildActionMask = 2147483647;
			files = (
				430961F222D39BCE00F10C75 /* LoginViewController.swift in Sources */,
				430696ED22C294E40068BBC7 /* ViewController.swift in Sources */,
				430961E722D2804900F10C75 /* WeatherViewController.swift in Sources */,
				430961EB22D2BC4C00F10C75 /* WeatherDataModel.swift in Sources */,
				430961F022D39BBC00F10C75 /* RegisterViewController.swift in Sources */,
				4309620222D3C41B00F10C75 /* MessageCellTableViewCell.swift in Sources */,
				43B33AAF22D137CC00D9C4D6 /* BitcoinViewController.swift in Sources */,
				430961E922D2853F00F10C75 /* ChangeCityViewController.swift in Sources */,
				430696EB22C294E40068BBC7 /* AppDelegate.swift in Sources */,
				4309620522D3D93B00F10C75 /* Message.swift in Sources */,
				430961FC22D3B72C00F10C75 /* ChatViewController.swift in Sources */,
				430961EE22D391B000F10C75 /* WelcomeViewController.swift in Sources */,
			);
			runOnlyForDeploymentPostprocessing = 0;
		};
/* End PBXSourcesBuildPhase section */

/* Begin PBXVariantGroup section */
		430696EE22C294E40068BBC7 /* Main.storyboard */ = {
			isa = PBXVariantGroup;
			children = (
				430696EF22C294E40068BBC7 /* Base */,
			);
			name = Main.storyboard;
			sourceTree = "<group>";
		};
		430696F322C294E50068BBC7 /* LaunchScreen.storyboard */ = {
			isa = PBXVariantGroup;
			children = (
				430696F422C294E50068BBC7 /* Base */,
			);
			name = LaunchScreen.storyboard;
			sourceTree = "<group>";
		};
/* End PBXVariantGroup section */

/* Begin XCBuildConfiguration section */
		430696F722C294E50068BBC7 /* Debug */ = {
			isa = XCBuildConfiguration;
			buildSettings = {
				ALWAYS_SEARCH_USER_PATHS = NO;
				CLANG_ANALYZER_NONNULL = YES;
				CLANG_ANALYZER_NUMBER_OBJECT_CONVERSION = YES_AGGRESSIVE;
				CLANG_CXX_LANGUAGE_STANDARD = "gnu++14";
				CLANG_CXX_LIBRARY = "libc++";
				CLANG_ENABLE_MODULES = YES;
				CLANG_ENABLE_OBJC_ARC = YES;
				CLANG_ENABLE_OBJC_WEAK = YES;
				CLANG_WARN_BLOCK_CAPTURE_AUTORELEASING = YES;
				CLANG_WARN_BOOL_CONVERSION = YES;
				CLANG_WARN_COMMA = YES;
				CLANG_WARN_CONSTANT_CONVERSION = YES;
				CLANG_WARN_DEPRECATED_OBJC_IMPLEMENTATIONS = YES;
				CLANG_WARN_DIRECT_OBJC_ISA_USAGE = YES_ERROR;
				CLANG_WARN_DOCUMENTATION_COMMENTS = YES;
				CLANG_WARN_EMPTY_BODY = YES;
				CLANG_WARN_ENUM_CONVERSION = YES;
				CLANG_WARN_INFINITE_RECURSION = YES;
				CLANG_WARN_INT_CONVERSION = YES;
				CLANG_WARN_NON_LITERAL_NULL_CONVERSION = YES;
				CLANG_WARN_OBJC_IMPLICIT_RETAIN_SELF = YES;
				CLANG_WARN_OBJC_LITERAL_CONVERSION = YES;
				CLANG_WARN_OBJC_ROOT_CLASS = YES_ERROR;
				CLANG_WARN_RANGE_LOOP_ANALYSIS = YES;
				CLANG_WARN_STRICT_PROTOTYPES = YES;
				CLANG_WARN_SUSPICIOUS_MOVE = YES;
				CLANG_WARN_UNGUARDED_AVAILABILITY = YES_AGGRESSIVE;
				CLANG_WARN_UNREACHABLE_CODE = YES;
				CLANG_WARN__DUPLICATE_METHOD_MATCH = YES;
				CODE_SIGN_IDENTITY = "iPhone Developer";
				COPY_PHASE_STRIP = NO;
				DEBUG_INFORMATION_FORMAT = dwarf;
				ENABLE_STRICT_OBJC_MSGSEND = YES;
				ENABLE_TESTABILITY = YES;
				GCC_C_LANGUAGE_STANDARD = gnu11;
				GCC_DYNAMIC_NO_PIC = NO;
				GCC_NO_COMMON_BLOCKS = YES;
				GCC_OPTIMIZATION_LEVEL = 0;
				GCC_PREPROCESSOR_DEFINITIONS = (
					"DEBUG=1",
					"$(inherited)",
				);
				GCC_WARN_64_TO_32_BIT_CONVERSION = YES;
				GCC_WARN_ABOUT_RETURN_TYPE = YES_ERROR;
				GCC_WARN_UNDECLARED_SELECTOR = YES;
				GCC_WARN_UNINITIALIZED_AUTOS = YES_AGGRESSIVE;
				GCC_WARN_UNUSED_FUNCTION = YES;
				GCC_WARN_UNUSED_VARIABLE = YES;
				IPHONEOS_DEPLOYMENT_TARGET = 12.2;
				MTL_ENABLE_DEBUG_INFO = INCLUDE_SOURCE;
				MTL_FAST_MATH = YES;
				ONLY_ACTIVE_ARCH = YES;
				SDKROOT = iphoneos;
				SWIFT_ACTIVE_COMPILATION_CONDITIONS = DEBUG;
				SWIFT_OPTIMIZATION_LEVEL = "-Onone";
			};
			name = Debug;
		};
		430696F822C294E50068BBC7 /* Release */ = {
			isa = XCBuildConfiguration;
			buildSettings = {
				ALWAYS_SEARCH_USER_PATHS = NO;
				CLANG_ANALYZER_NONNULL = YES;
				CLANG_ANALYZER_NUMBER_OBJECT_CONVERSION = YES_AGGRESSIVE;
				CLANG_CXX_LANGUAGE_STANDARD = "gnu++14";
				CLANG_CXX_LIBRARY = "libc++";
				CLANG_ENABLE_MODULES = YES;
				CLANG_ENABLE_OBJC_ARC = YES;
				CLANG_ENABLE_OBJC_WEAK = YES;
				CLANG_WARN_BLOCK_CAPTURE_AUTORELEASING = YES;
				CLANG_WARN_BOOL_CONVERSION = YES;
				CLANG_WARN_COMMA = YES;
				CLANG_WARN_CONSTANT_CONVERSION = YES;
				CLANG_WARN_DEPRECATED_OBJC_IMPLEMENTATIONS = YES;
				CLANG_WARN_DIRECT_OBJC_ISA_USAGE = YES_ERROR;
				CLANG_WARN_DOCUMENTATION_COMMENTS = YES;
				CLANG_WARN_EMPTY_BODY = YES;
				CLANG_WARN_ENUM_CONVERSION = YES;
				CLANG_WARN_INFINITE_RECURSION = YES;
				CLANG_WARN_INT_CONVERSION = YES;
				CLANG_WARN_NON_LITERAL_NULL_CONVERSION = YES;
				CLANG_WARN_OBJC_IMPLICIT_RETAIN_SELF = YES;
				CLANG_WARN_OBJC_LITERAL_CONVERSION = YES;
				CLANG_WARN_OBJC_ROOT_CLASS = YES_ERROR;
				CLANG_WARN_RANGE_LOOP_ANALYSIS = YES;
				CLANG_WARN_STRICT_PROTOTYPES = YES;
				CLANG_WARN_SUSPICIOUS_MOVE = YES;
				CLANG_WARN_UNGUARDED_AVAILABILITY = YES_AGGRESSIVE;
				CLANG_WARN_UNREACHABLE_CODE = YES;
				CLANG_WARN__DUPLICATE_METHOD_MATCH = YES;
				CODE_SIGN_IDENTITY = "iPhone Developer";
				COPY_PHASE_STRIP = NO;
				DEBUG_INFORMATION_FORMAT = "dwarf-with-dsym";
				ENABLE_NS_ASSERTIONS = NO;
				ENABLE_STRICT_OBJC_MSGSEND = YES;
				GCC_C_LANGUAGE_STANDARD = gnu11;
				GCC_NO_COMMON_BLOCKS = YES;
				GCC_WARN_64_TO_32_BIT_CONVERSION = YES;
				GCC_WARN_ABOUT_RETURN_TYPE = YES_ERROR;
				GCC_WARN_UNDECLARED_SELECTOR = YES;
				GCC_WARN_UNINITIALIZED_AUTOS = YES_AGGRESSIVE;
				GCC_WARN_UNUSED_FUNCTION = YES;
				GCC_WARN_UNUSED_VARIABLE = YES;
				IPHONEOS_DEPLOYMENT_TARGET = 12.2;
				MTL_ENABLE_DEBUG_INFO = NO;
				MTL_FAST_MATH = YES;
				SDKROOT = iphoneos;
				SWIFT_COMPILATION_MODE = wholemodule;
				SWIFT_OPTIMIZATION_LEVEL = "-O";
				VALIDATE_PRODUCT = YES;
			};
			name = Release;
		};
		430696FA22C294E50068BBC7 /* Debug */ = {
			isa = XCBuildConfiguration;
			baseConfigurationReference = C7B48FD9B7731256AA08E24A /* Pods-gitCode.debug.xcconfig */;
			buildSettings = {
				ASSETCATALOG_COMPILER_APPICON_NAME = AppIcon;
				CODE_SIGN_STYLE = Automatic;
				DEVELOPMENT_TEAM = 38HSJQP5H6;
				INFOPLIST_FILE = gitCode/Info.plist;
				LD_RUNPATH_SEARCH_PATHS = (
					"$(inherited)",
					"@executable_path/Frameworks",
				);
				PRODUCT_BUNDLE_IDENTIFIER = vitanovd.com.gitCode;
				PRODUCT_NAME = "$(TARGET_NAME)";
				SWIFT_VERSION = 5.0;
				TARGETED_DEVICE_FAMILY = "1,2";
			};
			name = Debug;
		};
		430696FB22C294E50068BBC7 /* Release */ = {
			isa = XCBuildConfiguration;
			baseConfigurationReference = 131351285D47AC0C3792FC0B /* Pods-gitCode.release.xcconfig */;
			buildSettings = {
				ASSETCATALOG_COMPILER_APPICON_NAME = AppIcon;
				CODE_SIGN_STYLE = Automatic;
				DEVELOPMENT_TEAM = 38HSJQP5H6;
				INFOPLIST_FILE = gitCode/Info.plist;
				LD_RUNPATH_SEARCH_PATHS = (
					"$(inherited)",
					"@executable_path/Frameworks",
				);
				PRODUCT_BUNDLE_IDENTIFIER = vitanovd.com.gitCode;
				PRODUCT_NAME = "$(TARGET_NAME)";
				SWIFT_VERSION = 5.0;
				TARGETED_DEVICE_FAMILY = "1,2";
			};
			name = Release;
		};
/* End XCBuildConfiguration section */

/* Begin XCConfigurationList section */
		430696E222C294E40068BBC7 /* Build configuration list for PBXProject "gitCode" */ = {
			isa = XCConfigurationList;
			buildConfigurations = (
				430696F722C294E50068BBC7 /* Debug */,
				430696F822C294E50068BBC7 /* Release */,
			);
			defaultConfigurationIsVisible = 0;
			defaultConfigurationName = Release;
		};
		430696F922C294E50068BBC7 /* Build configuration list for PBXNativeTarget "gitCode" */ = {
			isa = XCConfigurationList;
			buildConfigurations = (
				430696FA22C294E50068BBC7 /* Debug */,
				430696FB22C294E50068BBC7 /* Release */,
			);
			defaultConfigurationIsVisible = 0;
			defaultConfigurationName = Release;
		};
/* End XCConfigurationList section */
	};
	rootObject = 430696DF22C294E40068BBC7 /* Project object */;
}
